
Microsoft Visual Studio Solution File, Format Version 12.00
# Visual Studio Version 17
VisualStudioVersion = 17.2.32516.85
MinimumVisualStudioVersion = 10.0.40219.1
Project("{9A19103F-16F7-4668-BE54-9A1E7A4F7556}") = "MongoDb.Books.MinimalApi", "MongoDb.Books.MinimalApi\MongoDb.Books.MinimalApi.csproj", "{2A99BE84-B056-4983-8171-D665320E6C5F}"
EndProject
Project("{9A19103F-16F7-4668-BE54-9A1E7A4F7556}") = "MongoDb.Books.Main", "MongoDb.Books.Main\MongoDb.Books.Main.csproj", "{1106501C-6593-4CE2-BA51-8A692545F39A}"
EndProject
Global
	GlobalSection(SolutionConfigurationPlatforms) = preSolution
		Debug|Any CPU = Debug|Any CPU
		Release|Any CPU = Release|Any CPU
	EndGlobalSection
	GlobalSection(ProjectConfigurationPlatforms) = postSolution
		{2A99BE84-B056-4983-8171-D665320E6C5F}.Debug|Any CPU.ActiveCfg = Debug|Any CPU
		{2A99BE84-B056-4983-8171-D665320E6C5F}.Debug|Any CPU.Build.0 = Debug|Any CPU
		{2A99BE84-B056-4983-8171-D665320E6C5F}.Release|Any CPU.ActiveCfg = Release|Any CPU
		{2A99BE84-B056-4983-8171-D665320E6C5F}.Release|Any CPU.Build.0 = Release|Any CPU
		{1106501C-6593-4CE2-BA51-8A692545F39A}.Debug|Any CPU.ActiveCfg = Debug|Any CPU
		{1106501C-6593-4CE2-BA51-8A692545F39A}.Debug|Any CPU.Build.0 = Debug|Any CPU
		{1106501C-6593-4CE2-BA51-8A692545F39A}.Release|Any CPU.ActiveCfg = Release|Any CPU
		{1106501C-6593-4CE2-BA51-8A692545F39A}.Release|Any CPU.Build.0 = Release|Any CPU
	EndGlobalSection
	GlobalSection(SolutionProperties) = preSolution
		HideSolutionNode = FALSE
	EndGlobalSection
	GlobalSection(ExtensibilityGlobals) = postSolution
		SolutionGuid = {54781D20-12FF-478D-9242-E64581E48784}
	EndGlobalSection
EndGlobal
